<?xml version="1.0" encoding="UTF-8" standalone="yes" ?>
<CodeBlocks_project_file>
	<FileVersion major="1" minor="6" />
	<Project>
		<Option title="ICT289env" />
		<Option pch_mode="2" />
		<Option compiler="gcc" />
		<Build>
			<Target title="Debug">
				<Option output="bin/Debug/ICT289_Env" prefix_auto="1" extension_auto="1" />
				<Option working_dir="./" />
				<Option object_output="obj/Debug/" />
				<Option type="1" />
				<Option compiler="gcc" />
				<Compiler>
					<Add option="-Wnon-virtual-dtor" />
					<Add option="-Wshadow" />
					<Add option="-Winit-self" />
					<Add option="-Wredundant-decls" />
					<Add option="-Wcast-align" />
					<Add option="-Wundef" />
					<Add option="-Wfloat-equal" />
					<Add option="-Winline" />
					<Add option="-Wunreachable-code" />
					<Add option="-Wmissing-declarations" />
					<Add option="-Wswitch-enum" />
					<Add option="-Wswitch-default" />
					<Add option="-Weffc++" />
					<Add option="-Wmain" />
					<Add option="-pedantic" />
					<Add option="-Wextra" />
					<Add option="-Wall" />
					<Add option="-std=c++11" />
					<Add option="-pg" />
					<Add option="-g" />
				</Compiler>
				<Linker>
					<Add option="-pg -lgmon" />
				</Linker>
			</Target>
			<Target title="Release">
				<Option output="bin/Release/ICT289_Env" prefix_auto="1" extension_auto="1" />
				<Option working_dir="./" />
				<Option object_output="obj/Release/" />
				<Option type="1" />
				<Option compiler="gcc" />
				<Compiler>
					<Add option="-O2" />
				</Compiler>
				<Linker>
					<Add option="-s" />
				</Linker>
			</Target>
		</Build>
		<Compiler>
			<Add option="-Wall" />
			<Add directory="include" />
		</Compiler>
		<Linker>
			<Add library="freeglut" />
			<Add library="glu32" />
			<Add library="openGL32" />
			<Add directory="lib" />
		</Linker>
		<Unit filename="CAMERA.h" />
		<Unit filename="Camera.c">
			<Option compilerVar="CC" />
		</Unit>
		<Unit filename="Geometry3D.c">
			<Option compilerVar="CC" />
		</Unit>
		<Unit filename="Geometry3D.h" />
		<Unit filename="ImageProcessor.c">
			<Option compilerVar="CC" />
		</Unit>
		<Unit filename="ImageProcessor.h" />
		<Unit filename="Main.c">
			<Option compilerVar="CC" />
		</Unit>
		<Unit filename="MathExt.c">
			<Option compilerVar="CC" />
		</Unit>
		<Unit filename="MathExt.h" />
		<Unit filename="Menu.c">
			<Option compilerVar="CC" />
		</Unit>
		<Unit filename="Menu.h" />
		<Unit filename="Off.c">
			<Option compilerVar="CC" />
		</Unit>
		<Unit filename="Off.h" />
		<Unit filename="Physics.c">
			<Option compilerVar="CC" />
		</Unit>
		<Unit filename="Physics.h" />
		<Unit filename="Scene.c">
			<Option compilerVar="CC" />
		</Unit>
		<Unit filename="Scene.h" />
		<Unit filename="Vectors.c">
			<Option compilerVar="CC" />
		</Unit>
		<Unit filename="Vectors.h" />
		<Unit filename="WorldView.c">
			<Option compilerVar="CC" />
		</Unit>
		<Unit filename="WorldView.h" />
		<Extensions />
	</Project>
</CodeBlocks_project_file>
