<?xml version="1.0" encoding="UTF-8" standalone="yes" ?>
<CodeBlocks_project_file>
	<FileVersion major="1" minor="6" />
	<Project>
		<Option title="offCollision" />
		<Option pch_mode="2" />
		<Option compiler="gcc" />
		<Build>
			<Target title="Debug">
				<Option output="bin/Debug/offCollision" prefix_auto="1" extension_auto="1" />
				<Option object_output="obj/Debug/" />
				<Option type="1" />
				<Option compiler="gcc" />
				<Compiler>
					<Add option="-g" />
				</Compiler>
			</Target>
			<Target title="Release">
				<Option output="bin/Release/offCollision" prefix_auto="1" extension_auto="1" />
				<Option object_output="obj/Release/" />
				<Option type="1" />
				<Option compiler="gcc" />
				<Compiler>
					<Add option="-O2" />
				</Compiler>
				<Linker>
					<Add option="-s" />
				</Linker>
			</Target>
		</Build>
		<Compiler>
			<Add option="-Wall" />
		</Compiler>
		<Unit filename="Collision.c">
			<Option compilerVar="CC" />
		</Unit>
		<Unit filename="Collision.h" />
		<Unit filename="Main.c">
			<Option compilerVar="CC" />
		</Unit>
		<Unit filename="Model.c">
			<Option compilerVar="CC" />
		</Unit>
		<Unit filename="Model.h" />
		<Unit filename="ObjMath.c">
			<Option compilerVar="CC" />
		</Unit>
		<Unit filename="ObjMath.h" />
		<Unit filename="Objects.c">
			<Option compilerVar="CC" />
		</Unit>
		<Unit filename="Objects.h" />
		<Unit filename="OffData.c">
			<Option compilerVar="CC" />
		</Unit>
		<Unit filename="OffData.h" />
		<Unit filename="ReadFile.c">
			<Option compilerVar="CC" />
		</Unit>
		<Unit filename="ReadFile.h" />
		<Unit filename="RenderObject.c">
			<Option compilerVar="CC" />
		</Unit>
		<Unit filename="RenderObject.h" />
		<Unit filename="WorldView.c">
			<Option compilerVar="CC" />
		</Unit>
		<Unit filename="WorldView.h" />
		<Extensions>
			<code_completion />
			<envvars />
			<debugger />
			<lib_finder disable_auto="1" />
		</Extensions>
	</Project>
</CodeBlocks_project_file>
